
Microsoft Visual Studio Solution File, Format Version 12.00
# Visual Studio Version 17
VisualStudioVersion = 17.8.34330.188
MinimumVisualStudioVersion = 10.0.40219.1
Project("{FAE04EC0-301F-11D3-BF4B-00C04F79EFBC}") = "NMEA2000Analyzer", "NMEA2000Analyzer.csproj", "{E397B8E1-5E36-4656-878D-57CA5DC10CAF}"
EndProject
Global
	GlobalSection(SolutionConfigurationPlatforms) = preSolution
		Debug|Any CPU = Debug|Any CPU
		Release|Any CPU = Release|Any CPU
	EndGlobalSection
	GlobalSection(ProjectConfigurationPlatforms) = postSolution
		{E397B8E1-5E36-4656-878D-57CA5DC10CAF}.Debug|Any CPU.ActiveCfg = Debug|Any CPU
		{E397B8E1-5E36-4656-878D-57CA5DC10CAF}.Debug|Any CPU.Build.0 = Debug|Any CPU
		{E397B8E1-5E36-4656-878D-57CA5DC10CAF}.Release|Any CPU.ActiveCfg = Release|Any CPU
		{E397B8E1-5E36-4656-878D-57CA5DC10CAF}.Release|Any CPU.Build.0 = Release|Any CPU
	EndGlobalSection
	GlobalSection(SolutionProperties) = preSolution
		HideSolutionNode = FALSE
	EndGlobalSection
	GlobalSection(ExtensibilityGlobals) = postSolution
		SolutionGuid = {83F8D1C1-AE74-4B45-8BD1-3A211150ECDE}
	EndGlobalSection
EndGlobal
